
Microsoft Visual Studio Solution File, Format Version 12.00
# Visual Studio Version 16
VisualStudioVersion = 16.0.34601.136
MinimumVisualStudioVersion = 10.0.40219.1
Project("{8BC9CEB8-8B4A-11D0-8D11-00A0C91BC942}") = "SumItUp", "SumItUp\SumItUp.vcxproj", "{AEDA9B9C-5863-4166-B6FB-8814CE5EDE7B}"
EndProject
Project("{8BC9CEB8-8B4A-11D0-8D11-00A0C91BC942}") = "UnitTests", "UnitTests\UnitTests.vcxproj", "{3D49903C-6B46-4424-9E06-B72F73164CAE}"
	ProjectSection(ProjectDependencies) = postProject
		{AEDA9B9C-5863-4166-B6FB-8814CE5EDE7B} = {AEDA9B9C-5863-4166-B6FB-8814CE5EDE7B}
	EndProjectSection
EndProject
Global
	GlobalSection(SolutionConfigurationPlatforms) = preSolution
		Debug|x64 = Debug|x64
		Debug|x86 = Debug|x86
		Release|x64 = Release|x64
		Release|x86 = Release|x86
	EndGlobalSection
	GlobalSection(ProjectConfigurationPlatforms) = postSolution
		{AEDA9B9C-5863-4166-B6FB-8814CE5EDE7B}.Debug|x64.ActiveCfg = Debug|x64
		{AEDA9B9C-5863-4166-B6FB-8814CE5EDE7B}.Debug|x64.Build.0 = Debug|x64
		{AEDA9B9C-5863-4166-B6FB-8814CE5EDE7B}.Debug|x86.ActiveCfg = Debug|Win32
		{AEDA9B9C-5863-4166-B6FB-8814CE5EDE7B}.Debug|x86.Build.0 = Debug|Win32
		{AEDA9B9C-5863-4166-B6FB-8814CE5EDE7B}.Release|x64.ActiveCfg = Release|x64
		{AEDA9B9C-5863-4166-B6FB-8814CE5EDE7B}.Release|x64.Build.0 = Release|x64
		{AEDA9B9C-5863-4166-B6FB-8814CE5EDE7B}.Release|x86.ActiveCfg = Release|Win32
		{AEDA9B9C-5863-4166-B6FB-8814CE5EDE7B}.Release|x86.Build.0 = Release|Win32
		{3D49903C-6B46-4424-9E06-B72F73164CAE}.Debug|x64.ActiveCfg = Debug|x64
		{3D49903C-6B46-4424-9E06-B72F73164CAE}.Debug|x64.Build.0 = Debug|x64
		{3D49903C-6B46-4424-9E06-B72F73164CAE}.Debug|x86.ActiveCfg = Debug|Win32
		{3D49903C-6B46-4424-9E06-B72F73164CAE}.Debug|x86.Build.0 = Debug|Win32
		{3D49903C-6B46-4424-9E06-B72F73164CAE}.Release|x64.ActiveCfg = Release|x64
		{3D49903C-6B46-4424-9E06-B72F73164CAE}.Release|x64.Build.0 = Release|x64
		{3D49903C-6B46-4424-9E06-B72F73164CAE}.Release|x86.ActiveCfg = Release|Win32
		{3D49903C-6B46-4424-9E06-B72F73164CAE}.Release|x86.Build.0 = Release|Win32
	EndGlobalSection
	GlobalSection(SolutionProperties) = preSolution
		HideSolutionNode = FALSE
	EndGlobalSection
	GlobalSection(ExtensibilityGlobals) = postSolution
		SolutionGuid = {3EC1D85F-82CC-4D18-8D9A-6E6535505B0E}
	EndGlobalSection
EndGlobal
